
Microsoft Visual Studio Solution File, Format Version 12.00
# Visual Studio 15
VisualStudioVersion = 15.0.27130.2024
MinimumVisualStudioVersion = 10.0.40219.1
Project("{8BC9CEB8-8B4A-11D0-8D11-00A0C91BC942}") = "JuegoRacing", "JuegoRacing\JuegoRacing.vcxproj", "{AF3DC420-7426-46F5-BB8C-B4031F7C5CB1}"
EndProject
Global
	GlobalSection(SolutionConfigurationPlatforms) = preSolution
		Debug|x64 = Debug|x64
		Debug|x86 = Debug|x86
		Release|x64 = Release|x64
		Release|x86 = Release|x86
	EndGlobalSection
	GlobalSection(ProjectConfigurationPlatforms) = postSolution
		{AF3DC420-7426-46F5-BB8C-B4031F7C5CB1}.Debug|x64.ActiveCfg = Debug|x64
		{AF3DC420-7426-46F5-BB8C-B4031F7C5CB1}.Debug|x64.Build.0 = Debug|x64
		{AF3DC420-7426-46F5-BB8C-B4031F7C5CB1}.Debug|x86.ActiveCfg = Debug|Win32
		{AF3DC420-7426-46F5-BB8C-B4031F7C5CB1}.Debug|x86.Build.0 = Debug|Win32
		{AF3DC420-7426-46F5-BB8C-B4031F7C5CB1}.Release|x64.ActiveCfg = Release|x64
		{AF3DC420-7426-46F5-BB8C-B4031F7C5CB1}.Release|x64.Build.0 = Release|x64
		{AF3DC420-7426-46F5-BB8C-B4031F7C5CB1}.Release|x86.ActiveCfg = Release|Win32
		{AF3DC420-7426-46F5-BB8C-B4031F7C5CB1}.Release|x86.Build.0 = Release|Win32
	EndGlobalSection
	GlobalSection(SolutionProperties) = preSolution
		HideSolutionNode = FALSE
	EndGlobalSection
	GlobalSection(ExtensibilityGlobals) = postSolution
		SolutionGuid = {A2BF04C8-6C34-4FC4-955C-C714F1A4F7E5}
	EndGlobalSection
EndGlobal
